
Microsoft Visual Studio Solution File, Format Version 12.00
# Visual Studio Version 16
VisualStudioVersion = 16.0.30611.23
MinimumVisualStudioVersion = 10.0.40219.1
Project("{FAE04EC0-301F-11D3-BF4B-00C04F79EFBC}") = "ExercicioResolvido", "ExercicioResolvido\ExercicioResolvido.csproj", "{1E33B1D7-AB2B-4348-B7D6-A44E03D5C7EE}"
EndProject
Global
	GlobalSection(SolutionConfigurationPlatforms) = preSolution
		Debug|Any CPU = Debug|Any CPU
		Release|Any CPU = Release|Any CPU
	EndGlobalSection
	GlobalSection(ProjectConfigurationPlatforms) = postSolution
		{1E33B1D7-AB2B-4348-B7D6-A44E03D5C7EE}.Debug|Any CPU.ActiveCfg = Debug|Any CPU
		{1E33B1D7-AB2B-4348-B7D6-A44E03D5C7EE}.Debug|Any CPU.Build.0 = Debug|Any CPU
		{1E33B1D7-AB2B-4348-B7D6-A44E03D5C7EE}.Release|Any CPU.ActiveCfg = Release|Any CPU
		{1E33B1D7-AB2B-4348-B7D6-A44E03D5C7EE}.Release|Any CPU.Build.0 = Release|Any CPU
	EndGlobalSection
	GlobalSection(SolutionProperties) = preSolution
		HideSolutionNode = FALSE
	EndGlobalSection
	GlobalSection(ExtensibilityGlobals) = postSolution
		SolutionGuid = {BB1E14FE-EC46-4AD4-8DE2-10D1E64F722C}
	EndGlobalSection
EndGlobal
