
Microsoft Visual Studio Solution File, Format Version 12.00
# Visual Studio Version 16
VisualStudioVersion = 16.0.30517.126
MinimumVisualStudioVersion = 10.0.40219.1
Project("{FAE04EC0-301F-11D3-BF4B-00C04F79EFBC}") = "Exercicio1", "Exercicio1\Exercicio1.csproj", "{4436E8E2-90F1-4B39-B322-345230FC502A}"
EndProject
Global
	GlobalSection(SolutionConfigurationPlatforms) = preSolution
		Debug|Any CPU = Debug|Any CPU
		Release|Any CPU = Release|Any CPU
	EndGlobalSection
	GlobalSection(ProjectConfigurationPlatforms) = postSolution
		{4436E8E2-90F1-4B39-B322-345230FC502A}.Debug|Any CPU.ActiveCfg = Debug|Any CPU
		{4436E8E2-90F1-4B39-B322-345230FC502A}.Debug|Any CPU.Build.0 = Debug|Any CPU
		{4436E8E2-90F1-4B39-B322-345230FC502A}.Release|Any CPU.ActiveCfg = Release|Any CPU
		{4436E8E2-90F1-4B39-B322-345230FC502A}.Release|Any CPU.Build.0 = Release|Any CPU
	EndGlobalSection
	GlobalSection(SolutionProperties) = preSolution
		HideSolutionNode = FALSE
	EndGlobalSection
	GlobalSection(ExtensibilityGlobals) = postSolution
		SolutionGuid = {78509804-91CC-4810-A5CD-70A1BEBC431D}
	EndGlobalSection
EndGlobal
