
Microsoft Visual Studio Solution File, Format Version 12.00
# Visual Studio Version 16
VisualStudioVersion = 16.0.30611.23
MinimumVisualStudioVersion = 10.0.40219.1
Project("{FAE04EC0-301F-11D3-BF4B-00C04F79EFBC}") = "ExercicioFixacao", "ExercicioFixacao\ExercicioFixacao.csproj", "{6C75AA3D-5C5E-4C01-A50F-C867BB1B7D92}"
EndProject
Global
	GlobalSection(SolutionConfigurationPlatforms) = preSolution
		Debug|Any CPU = Debug|Any CPU
		Release|Any CPU = Release|Any CPU
	EndGlobalSection
	GlobalSection(ProjectConfigurationPlatforms) = postSolution
		{6C75AA3D-5C5E-4C01-A50F-C867BB1B7D92}.Debug|Any CPU.ActiveCfg = Debug|Any CPU
		{6C75AA3D-5C5E-4C01-A50F-C867BB1B7D92}.Debug|Any CPU.Build.0 = Debug|Any CPU
		{6C75AA3D-5C5E-4C01-A50F-C867BB1B7D92}.Release|Any CPU.ActiveCfg = Release|Any CPU
		{6C75AA3D-5C5E-4C01-A50F-C867BB1B7D92}.Release|Any CPU.Build.0 = Release|Any CPU
	EndGlobalSection
	GlobalSection(SolutionProperties) = preSolution
		HideSolutionNode = FALSE
	EndGlobalSection
	GlobalSection(ExtensibilityGlobals) = postSolution
		SolutionGuid = {25519367-BC52-4DE2-A719-33835EFB9B49}
	EndGlobalSection
EndGlobal
