
Microsoft Visual Studio Solution File, Format Version 12.00
# Visual Studio Version 16
VisualStudioVersion = 16.0.30517.126
MinimumVisualStudioVersion = 10.0.40219.1
Project("{FAE04EC0-301F-11D3-BF4B-00C04F79EFBC}") = "Exercicio1", "Exercicio1\Exercicio1.csproj", "{F52F16FC-2E7B-44FC-A94C-AA2AFDE72C5A}"
EndProject
Global
	GlobalSection(SolutionConfigurationPlatforms) = preSolution
		Debug|Any CPU = Debug|Any CPU
		Release|Any CPU = Release|Any CPU
	EndGlobalSection
	GlobalSection(ProjectConfigurationPlatforms) = postSolution
		{F52F16FC-2E7B-44FC-A94C-AA2AFDE72C5A}.Debug|Any CPU.ActiveCfg = Debug|Any CPU
		{F52F16FC-2E7B-44FC-A94C-AA2AFDE72C5A}.Debug|Any CPU.Build.0 = Debug|Any CPU
		{F52F16FC-2E7B-44FC-A94C-AA2AFDE72C5A}.Release|Any CPU.ActiveCfg = Release|Any CPU
		{F52F16FC-2E7B-44FC-A94C-AA2AFDE72C5A}.Release|Any CPU.Build.0 = Release|Any CPU
	EndGlobalSection
	GlobalSection(SolutionProperties) = preSolution
		HideSolutionNode = FALSE
	EndGlobalSection
	GlobalSection(ExtensibilityGlobals) = postSolution
		SolutionGuid = {D55EB5F8-1755-4389-8012-F362AE9D068C}
	EndGlobalSection
EndGlobal
