
Microsoft Visual Studio Solution File, Format Version 12.00
# Visual Studio Version 16
VisualStudioVersion = 16.0.30611.23
MinimumVisualStudioVersion = 10.0.40219.1
Project("{FAE04EC0-301F-11D3-BF4B-00C04F79EFBC}") = "ExercicioResolvido", "ExercicioResolvido\ExercicioResolvido.csproj", "{11576FF5-9020-4B43-A8AE-4AA6EE059288}"
EndProject
Global
	GlobalSection(SolutionConfigurationPlatforms) = preSolution
		Debug|Any CPU = Debug|Any CPU
		Release|Any CPU = Release|Any CPU
	EndGlobalSection
	GlobalSection(ProjectConfigurationPlatforms) = postSolution
		{11576FF5-9020-4B43-A8AE-4AA6EE059288}.Debug|Any CPU.ActiveCfg = Debug|Any CPU
		{11576FF5-9020-4B43-A8AE-4AA6EE059288}.Debug|Any CPU.Build.0 = Debug|Any CPU
		{11576FF5-9020-4B43-A8AE-4AA6EE059288}.Release|Any CPU.ActiveCfg = Release|Any CPU
		{11576FF5-9020-4B43-A8AE-4AA6EE059288}.Release|Any CPU.Build.0 = Release|Any CPU
	EndGlobalSection
	GlobalSection(SolutionProperties) = preSolution
		HideSolutionNode = FALSE
	EndGlobalSection
	GlobalSection(ExtensibilityGlobals) = postSolution
		SolutionGuid = {BA5F5F44-7890-49C6-86F9-FF3515E10D68}
	EndGlobalSection
EndGlobal
