
Microsoft Visual Studio Solution File, Format Version 12.00
# Visual Studio Version 16
VisualStudioVersion = 16.0.30611.23
MinimumVisualStudioVersion = 10.0.40219.1
Project("{FAE04EC0-301F-11D3-BF4B-00C04F79EFBC}") = "ExercicioProposto02", "ExercicioProposto02\ExercicioProposto02.csproj", "{3828F66B-ADEC-4C7A-945A-A80B2A88CFAC}"
EndProject
Global
	GlobalSection(SolutionConfigurationPlatforms) = preSolution
		Debug|Any CPU = Debug|Any CPU
		Release|Any CPU = Release|Any CPU
	EndGlobalSection
	GlobalSection(ProjectConfigurationPlatforms) = postSolution
		{3828F66B-ADEC-4C7A-945A-A80B2A88CFAC}.Debug|Any CPU.ActiveCfg = Debug|Any CPU
		{3828F66B-ADEC-4C7A-945A-A80B2A88CFAC}.Debug|Any CPU.Build.0 = Debug|Any CPU
		{3828F66B-ADEC-4C7A-945A-A80B2A88CFAC}.Release|Any CPU.ActiveCfg = Release|Any CPU
		{3828F66B-ADEC-4C7A-945A-A80B2A88CFAC}.Release|Any CPU.Build.0 = Release|Any CPU
	EndGlobalSection
	GlobalSection(SolutionProperties) = preSolution
		HideSolutionNode = FALSE
	EndGlobalSection
	GlobalSection(ExtensibilityGlobals) = postSolution
		SolutionGuid = {D46EB25C-D702-4830-B8EA-E4F42346F892}
	EndGlobalSection
EndGlobal
